// !$*UTF8*$!
{
	archiveVersion = 1;
	classes = {
	};
	objectVersion = 50;
	objects = {

/* Begin PBXBuildFile section */
		7615DBCF221C2D630037BCC9 /* AppDelegate.swift in Sources */ = {isa = PBXBuildFile; fileRef = 7615DBCE221C2D630037BCC9 /* AppDelegate.swift */; };
		7615DBD1221C2D630037BCC9 /* ViewController.swift in Sources */ = {isa = PBXBuildFile; fileRef = 7615DBD0221C2D630037BCC9 /* ViewController.swift */; };
		7615DBD4221C2D630037BCC9 /* Main.storyboard in Resources */ = {isa = PBXBuildFile; fileRef = 7615DBD2221C2D630037BCC9 /* Main.storyboard */; };
		7615DBD6221C2D630037BCC9 /* Assets.xcassets in Resources */ = {isa = PBXBuildFile; fileRef = 7615DBD5221C2D630037BCC9 /* Assets.xcassets */; };
		7615DBD9221C2D630037BCC9 /* LaunchScreen.storyboard in Resources */ = {isa = PBXBuildFile; fileRef = 7615DBD7221C2D630037BCC9 /* LaunchScreen.storyboard */; };
		7615DBE4221C2D640037BCC9 /* TicTacToeTests.swift in Sources */ = {isa = PBXBuildFile; fileRef = 7615DBE3221C2D640037BCC9 /* TicTacToeTests.swift */; };
		7615DBEF221C2D640037BCC9 /* TicTacToeUITests.swift in Sources */ = {isa = PBXBuildFile; fileRef = 7615DBEE221C2D640037BCC9 /* TicTacToeUITests.swift */; };
		7615DBFD221C320E0037BCC9 /* tictactoeBoard.png in Resources */ = {isa = PBXBuildFile; fileRef = 7615DBFC221C320E0037BCC9 /* tictactoeBoard.png */; };
		7615DC03221C7B0E0037BCC9 /* elizabeth-lies-190771-unsplash.jpg in Resources */ = {isa = PBXBuildFile; fileRef = 7615DC02221C7B0E0037BCC9 /* elizabeth-lies-190771-unsplash.jpg */; };
/* End PBXBuildFile section */

/* Begin PBXContainerItemProxy section */
		7615DBE0221C2D640037BCC9 /* PBXContainerItemProxy */ = {
			isa = PBXContainerItemProxy;
			containerPortal = 7615DBC3221C2D630037BCC9 /* Project object */;
			proxyType = 1;
			remoteGlobalIDString = 7615DBCA221C2D630037BCC9;
			remoteInfo = TicTacToe;
		};
		7615DBEB221C2D640037BCC9 /* PBXContainerItemProxy */ = {
			isa = PBXContainerItemProxy;
			containerPortal = 7615DBC3221C2D630037BCC9 /* Project object */;
			proxyType = 1;
			remoteGlobalIDString = 7615DBCA221C2D630037BCC9;
			remoteInfo = TicTacToe;
		};
/* End PBXContainerItemProxy section */

/* Begin PBXFileReference section */
		7615DBCB221C2D630037BCC9 /* TicTacToe.app */ = {isa = PBXFileReference; explicitFileType = wrapper.application; includeInIndex = 0; path = TicTacToe.app; sourceTree = BUILT_PRODUCTS_DIR; };
		7615DBCE221C2D630037BCC9 /* AppDelegate.swift */ = {isa = PBXFileReference; lastKnownFileType = sourcecode.swift; path = AppDelegate.swift; sourceTree = "<group>"; };
		7615DBD0221C2D630037BCC9 /* ViewController.swift */ = {isa = PBXFileReference; lastKnownFileType = sourcecode.swift; path = ViewController.swift; sourceTree = "<group>"; };
		7615DBD3221C2D630037BCC9 /* Base */ = {isa = PBXFileReference; lastKnownFileType = file.storyboard; name = Base; path = Base.lproj/Main.storyboard; sourceTree = "<group>"; };
		7615DBD5221C2D630037BCC9 /* Assets.xcassets */ = {isa = PBXFileReference; lastKnownFileType = folder.assetcatalog; path = Assets.xcassets; sourceTree = "<group>"; };
		7615DBD8221C2D630037BCC9 /* Base */ = {isa = PBXFileReference; lastKnownFileType = file.storyboard; name = Base; path = Base.lproj/LaunchScreen.storyboard; sourceTree = "<group>"; };
		7615DBDA221C2D630037BCC9 /* Info.plist */ = {isa = PBXFileReference; lastKnownFileType = text.plist.xml; path = Info.plist; sourceTree = "<group>"; };
		7615DBDF221C2D640037BCC9 /* TicTacToeTests.xctest */ = {isa = PBXFileReference; explicitFileType = wrapper.cfbundle; includeInIndex = 0; path = TicTacToeTests.xctest; sourceTree = BUILT_PRODUCTS_DIR; };
		7615DBE3221C2D640037BCC9 /* TicTacToeTests.swift */ = {isa = PBXFileReference; lastKnownFileType = sourcecode.swift; path = TicTacToeTests.swift; sourceTree = "<group>"; };
		7615DBE5221C2D640037BCC9 /* Info.plist */ = {isa = PBXFileReference; lastKnownFileType = text.plist.xml; path = Info.plist; sourceTree = "<group>"; };
		7615DBEA221C2D640037BCC9 /* TicTacToeUITests.xctest */ = {isa = PBXFileReference; explicitFileType = wrapper.cfbundle; includeInIndex = 0; path = TicTacToeUITests.xctest; sourceTree = BUILT_PRODUCTS_DIR; };
		7615DBEE221C2D640037BCC9 /* TicTacToeUITests.swift */ = {isa = PBXFileReference; lastKnownFileType = sourcecode.swift; path = TicTacToeUITests.swift; sourceTree = "<group>"; };
		7615DBF0221C2D640037BCC9 /* Info.plist */ = {isa = PBXFileReference; lastKnownFileType = text.plist.xml; path = Info.plist; sourceTree = "<group>"; };
		7615DBFC221C320E0037BCC9 /* tictactoeBoard.png */ = {isa = PBXFileReference; lastKnownFileType = image.png; path = tictactoeBoard.png; sourceTree = "<group>"; };
		7615DC02221C7B0E0037BCC9 /* elizabeth-lies-190771-unsplash.jpg */ = {isa = PBXFileReference; lastKnownFileType = image.jpeg; path = "elizabeth-lies-190771-unsplash.jpg"; sourceTree = "<group>"; };
/* End PBXFileReference section */

/* Begin PBXFrameworksBuildPhase section */
		7615DBC8221C2D630037BCC9 /* Frameworks */ = {
			isa = PBXFrameworksBuildPhase;
			buildActionMask = 2147483647;
			files = (
			);
			runOnlyForDeploymentPostprocessing = 0;
		};
		7615DBDC221C2D640037BCC9 /* Frameworks */ = {
			isa = PBXFrameworksBuildPhase;
			buildActionMask = 2147483647;
			files = (
			);
			runOnlyForDeploymentPostprocessing = 0;
		};
		7615DBE7221C2D640037BCC9 /* Frameworks */ = {
			isa = PBXFrameworksBuildPhase;
			buildActionMask = 2147483647;
			files = (
			);
			runOnlyForDeploymentPostprocessing = 0;
		};
/* End PBXFrameworksBuildPhase section */

/* Begin PBXGroup section */
		7615DBC2221C2D630037BCC9 = {
			isa = PBXGroup;
			children = (
				7615DBCD221C2D630037BCC9 /* TicTacToe */,
				7615DBE2221C2D640037BCC9 /* TicTacToeTests */,
				7615DBED221C2D640037BCC9 /* TicTacToeUITests */,
				7615DBCC221C2D630037BCC9 /* Products */,
			);
			sourceTree = "<group>";
		};
		7615DBCC221C2D630037BCC9 /* Products */ = {
			isa = PBXGroup;
			children = (
				7615DBCB221C2D630037BCC9 /* TicTacToe.app */,
				7615DBDF221C2D640037BCC9 /* TicTacToeTests.xctest */,
				7615DBEA221C2D640037BCC9 /* TicTacToeUITests.xctest */,
			);
			name = Products;
			sourceTree = "<group>";
		};
		7615DBCD221C2D630037BCC9 /* TicTacToe */ = {
			isa = PBXGroup;
			children = (
				7615DBCE221C2D630037BCC9 /* AppDelegate.swift */,
				7615DBD0221C2D630037BCC9 /* ViewController.swift */,
				7615DBD2221C2D630037BCC9 /* Main.storyboard */,
				7615DBFC221C320E0037BCC9 /* tictactoeBoard.png */,
				7615DC02221C7B0E0037BCC9 /* elizabeth-lies-190771-unsplash.jpg */,
				7615DBD5221C2D630037BCC9 /* Assets.xcassets */,
				7615DBD7221C2D630037BCC9 /* LaunchScreen.storyboard */,
				7615DBDA221C2D630037BCC9 /* Info.plist */,
			);
			path = TicTacToe;
			sourceTree = "<group>";
		};
		7615DBE2221C2D640037BCC9 /* TicTacToeTests */ = {
			isa = PBXGroup;
			children = (
				7615DBE3221C2D640037BCC9 /* TicTacToeTests.swift */,
				7615DBE5221C2D640037BCC9 /* Info.plist */,
			);
			path = TicTacToeTests;
			sourceTree = "<group>";
		};
		7615DBED221C2D640037BCC9 /* TicTacToeUITests */ = {
			isa = PBXGroup;
			children = (
				7615DBEE221C2D640037BCC9 /* TicTacToeUITests.swift */,
				7615DBF0221C2D640037BCC9 /* Info.plist */,
			);
			path = TicTacToeUITests;
			sourceTree = "<group>";
		};
/* End PBXGroup section */

/* Begin PBXNativeTarget section */
		7615DBCA221C2D630037BCC9 /* TicTacToe */ = {
			isa = PBXNativeTarget;
			buildConfigurationList = 7615DBF3221C2D640037BCC9 /* Build configuration list for PBXNativeTarget "TicTacToe" */;
			buildPhases = (
				7615DBC7221C2D630037BCC9 /* Sources */,
				7615DBC8221C2D630037BCC9 /* Frameworks */,
				7615DBC9221C2D630037BCC9 /* Resources */,
			);
			buildRules = (
			);
			dependencies = (
			);
			name = TicTacToe;
			productName = TicTacToe;
			productReference = 7615DBCB221C2D630037BCC9 /* TicTacToe.app */;
			productType = "com.apple.product-type.application";
		};
		7615DBDE221C2D640037BCC9 /* TicTacToeTests */ = {
			isa = PBXNativeTarget;
			buildConfigurationList = 7615DBF6221C2D640037BCC9 /* Build configuration list for PBXNativeTarget "TicTacToeTests" */;
			buildPhases = (
				7615DBDB221C2D640037BCC9 /* Sources */,
				7615DBDC221C2D640037BCC9 /* Frameworks */,
				7615DBDD221C2D640037BCC9 /* Resources */,
			);
			buildRules = (
			);
			dependencies = (
				7615DBE1221C2D640037BCC9 /* PBXTargetDependency */,
			);
			name = TicTacToeTests;
			productName = TicTacToeTests;
			productReference = 7615DBDF221C2D640037BCC9 /* TicTacToeTests.xctest */;
			productType = "com.apple.product-type.bundle.unit-test";
		};
		7615DBE9221C2D640037BCC9 /* TicTacToeUITests */ = {
			isa = PBXNativeTarget;
			buildConfigurationList = 7615DBF9221C2D640037BCC9 /* Build configuration list for PBXNativeTarget "TicTacToeUITests" */;
			buildPhases = (
				7615DBE6221C2D640037BCC9 /* Sources */,
				7615DBE7221C2D640037BCC9 /* Frameworks */,
				7615DBE8221C2D640037BCC9 /* Resources */,
			);
			buildRules = (
			);
			dependencies = (
				7615DBEC221C2D640037BCC9 /* PBXTargetDependency */,
			);
			name = TicTacToeUITests;
			productName = TicTacToeUITests;
			productReference = 7615DBEA221C2D640037BCC9 /* TicTacToeUITests.xctest */;
			productType = "com.apple.product-type.bundle.ui-testing";
		};
/* End PBXNativeTarget section */

/* Begin PBXProject section */
		7615DBC3221C2D630037BCC9 /* Project object */ = {
			isa = PBXProject;
			attributes = {
				LastSwiftUpdateCheck = 1010;
				LastUpgradeCheck = 1010;
				ORGANIZATIONNAME = "Gladston Joseph";
				TargetAttributes = {
					7615DBCA221C2D630037BCC9 = {
						CreatedOnToolsVersion = 10.1;
					};
					7615DBDE221C2D640037BCC9 = {
						CreatedOnToolsVersion = 10.1;
						TestTargetID = 7615DBCA221C2D630037BCC9;
					};
					7615DBE9221C2D640037BCC9 = {
						CreatedOnToolsVersion = 10.1;
						TestTargetID = 7615DBCA221C2D630037BCC9;
					};
				};
			};
			buildConfigurationList = 7615DBC6221C2D630037BCC9 /* Build configuration list for PBXProject "TicTacToe" */;
			compatibilityVersion = "Xcode 9.3";
			developmentRegion = en;
			hasScannedForEncodings = 0;
			knownRegions = (
				en,
				Base,
			);
			mainGroup = 7615DBC2221C2D630037BCC9;
			productRefGroup = 7615DBCC221C2D630037BCC9 /* Products */;
			projectDirPath = "";
			projectRoot = "";
			targets = (
				7615DBCA221C2D630037BCC9 /* TicTacToe */,
				7615DBDE221C2D640037BCC9 /* TicTacToeTests */,
				7615DBE9221C2D640037BCC9 /* TicTacToeUITests */,
			);
		};
/* End PBXProject section */

/* Begin PBXResourcesBuildPhase section */
		7615DBC9221C2D630037BCC9 /* Resources */ = {
			isa = PBXResourcesBuildPhase;
			buildActionMask = 2147483647;
			files = (
				7615DBD9221C2D630037BCC9 /* LaunchScreen.storyboard in Resources */,
				7615DBFD221C320E0037BCC9 /* tictactoeBoard.png in Resources */,
				7615DC03221C7B0E0037BCC9 /* elizabeth-lies-190771-unsplash.jpg in Resources */,
				7615DBD6221C2D630037BCC9 /* Assets.xcassets in Resources */,
				7615DBD4221C2D630037BCC9 /* Main.storyboard in Resources */,
			);
			runOnlyForDeploymentPostprocessing = 0;
		};
		7615DBDD221C2D640037BCC9 /* Resources */ = {
			isa = PBXResourcesBuildPhase;
			buildActionMask = 2147483647;
			files = (
			);
			runOnlyForDeploymentPostprocessing = 0;
		};
		7615DBE8221C2D640037BCC9 /* Resources */ = {
			isa = PBXResourcesBuildPhase;
			buildActionMask = 2147483647;
			files = (
			);
			runOnlyForDeploymentPostprocessing = 0;
		};
/* End PBXResourcesBuildPhase section */

/* Begin PBXSourcesBuildPhase section */
		7615DBC7221C2D630037BCC9 /* Sources */ = {
			isa = PBXSourcesBuildPhase;
			buildActionMask = 2147483647;
			files = (
				7615DBD1221C2D630037BCC9 /* ViewController.swift in Sources */,
				7615DBCF221C2D630037BCC9 /* AppDelegate.swift in Sources */,
			);
			runOnlyForDeploymentPostprocessing = 0;
		};
		7615DBDB221C2D640037BCC9 /* Sources */ = {
			isa = PBXSourcesBuildPhase;
			buildActionMask = 2147483647;
			files = (
				7615DBE4221C2D640037BCC9 /* TicTacToeTests.swift in Sources */,
			);
			runOnlyForDeploymentPostprocessing = 0;
		};
		7615DBE6221C2D640037BCC9 /* Sources */ = {
			isa = PBXSourcesBuildPhase;
			buildActionMask = 2147483647;
			files = (
				7615DBEF221C2D640037BCC9 /* TicTacToeUITests.swift in Sources */,
			);
			runOnlyForDeploymentPostprocessing = 0;
		};
/* End PBXSourcesBuildPhase section */

/* Begin PBXTargetDependency section */
		7615DBE1221C2D640037BCC9 /* PBXTargetDependency */ = {
			isa = PBXTargetDependency;
			target = 7615DBCA221C2D630037BCC9 /* TicTacToe */;
			targetProxy = 7615DBE0221C2D640037BCC9 /* PBXContainerItemProxy */;
		};
		7615DBEC221C2D640037BCC9 /* PBXTargetDependency */ = {
			isa = PBXTargetDependency;
			target = 7615DBCA221C2D630037BCC9 /* TicTacToe */;
			targetProxy = 7615DBEB221C2D640037BCC9 /* PBXContainerItemProxy */;
		};
/* End PBXTargetDependency section */

/* Begin PBXVariantGroup section */
		7615DBD2221C2D630037BCC9 /* Main.storyboard */ = {
			isa = PBXVariantGroup;
			children = (
				7615DBD3221C2D630037BCC9 /* Base */,
			);
			name = Main.storyboard;
			sourceTree = "<group>";
		};
		7615DBD7221C2D630037BCC9 /* LaunchScreen.storyboard */ = {
			isa = PBXVariantGroup;
			children = (
				7615DBD8221C2D630037BCC9 /* Base */,
			);
			name = LaunchScreen.storyboard;
			sourceTree = "<group>";
		};
/* End PBXVariantGroup section */

/* Begin XCBuildConfiguration section */
		7615DBF1221C2D640037BCC9 /* Debug */ = {
			isa = XCBuildConfiguration;
			buildSettings = {
				ALWAYS_SEARCH_USER_PATHS = NO;
				CLANG_ANALYZER_NONNULL = YES;
				CLANG_ANALYZER_NUMBER_OBJECT_CONVERSION = YES_AGGRESSIVE;
				CLANG_CXX_LANGUAGE_STANDARD = "gnu++14";
				CLANG_CXX_LIBRARY = "libc++";
				CLANG_ENABLE_MODULES = YES;
				CLANG_ENABLE_OBJC_ARC = YES;
				CLANG_ENABLE_OBJC_WEAK = YES;
				CLANG_WARN_BLOCK_CAPTURE_AUTORELEASING = YES;
				CLANG_WARN_BOOL_CONVERSION = YES;
				CLANG_WARN_COMMA = YES;
				CLANG_WARN_CONSTANT_CONVERSION = YES;
				CLANG_WARN_DEPRECATED_OBJC_IMPLEMENTATIONS = YES;
				CLANG_WARN_DIRECT_OBJC_ISA_USAGE = YES_ERROR;
				CLANG_WARN_DOCUMENTATION_COMMENTS = YES;
				CLANG_WARN_EMPTY_BODY = YES;
				CLANG_WARN_ENUM_CONVERSION = YES;
				CLANG_WARN_INFINITE_RECURSION = YES;
				CLANG_WARN_INT_CONVERSION = YES;
				CLANG_WARN_NON_LITERAL_NULL_CONVERSION = YES;
				CLANG_WARN_OBJC_IMPLICIT_RETAIN_SELF = YES;
				CLANG_WARN_OBJC_LITERAL_CONVERSION = YES;
				CLANG_WARN_OBJC_ROOT_CLASS = YES_ERROR;
				CLANG_WARN_RANGE_LOOP_ANALYSIS = YES;
				CLANG_WARN_STRICT_PROTOTYPES = YES;
				CLANG_WARN_SUSPICIOUS_MOVE = YES;
				CLANG_WARN_UNGUARDED_AVAILABILITY = YES_AGGRESSIVE;
				CLANG_WARN_UNREACHABLE_CODE = YES;
				CLANG_WARN__DUPLICATE_METHOD_MATCH = YES;
				CODE_SIGN_IDENTITY = "iPhone Developer";
				COPY_PHASE_STRIP = NO;
				DEBUG_INFORMATION_FORMAT = dwarf;
				ENABLE_STRICT_OBJC_MSGSEND = YES;
				ENABLE_TESTABILITY = YES;
				GCC_C_LANGUAGE_STANDARD = gnu11;
				GCC_DYNAMIC_NO_PIC = NO;
				GCC_NO_COMMON_BLOCKS = YES;
				GCC_OPTIMIZATION_LEVEL = 0;
				GCC_PREPROCESSOR_DEFINITIONS = (
					"DEBUG=1",
					"$(inherited)",
				);
				GCC_WARN_64_TO_32_BIT_CONVERSION = YES;
				GCC_WARN_ABOUT_RETURN_TYPE = YES_ERROR;
				GCC_WARN_UNDECLARED_SELECTOR = YES;
				GCC_WARN_UNINITIALIZED_AUTOS = YES_AGGRESSIVE;
				GCC_WARN_UNUSED_FUNCTION = YES;
				GCC_WARN_UNUSED_VARIABLE = YES;
				IPHONEOS_DEPLOYMENT_TARGET = 12.1;
				MTL_ENABLE_DEBUG_INFO = INCLUDE_SOURCE;
				MTL_FAST_MATH = YES;
				ONLY_ACTIVE_ARCH = YES;
				SDKROOT = iphoneos;
				SWIFT_ACTIVE_COMPILATION_CONDITIONS = DEBUG;
				SWIFT_OPTIMIZATION_LEVEL = "-Onone";
			};
			name = Debug;
		};
		7615DBF2221C2D640037BCC9 /* Release */ = {
			isa = XCBuildConfiguration;
			buildSettings = {
				ALWAYS_SEARCH_USER_PATHS = NO;
				CLANG_ANALYZER_NONNULL = YES;
				CLANG_ANALYZER_NUMBER_OBJECT_CONVERSION = YES_AGGRESSIVE;
				CLANG_CXX_LANGUAGE_STANDARD = "gnu++14";
				CLANG_CXX_LIBRARY = "libc++";
				CLANG_ENABLE_MODULES = YES;
				CLANG_ENABLE_OBJC_ARC = YES;
				CLANG_ENABLE_OBJC_WEAK = YES;
				CLANG_WARN_BLOCK_CAPTURE_AUTORELEASING = YES;
				CLANG_WARN_BOOL_CONVERSION = YES;
				CLANG_WARN_COMMA = YES;
				CLANG_WARN_CONSTANT_CONVERSION = YES;
				CLANG_WARN_DEPRECATED_OBJC_IMPLEMENTATIONS = YES;
				CLANG_WARN_DIRECT_OBJC_ISA_USAGE = YES_ERROR;
				CLANG_WARN_DOCUMENTATION_COMMENTS = YES;
				CLANG_WARN_EMPTY_BODY = YES;
				CLANG_WARN_ENUM_CONVERSION = YES;
				CLANG_WARN_INFINITE_RECURSION = YES;
				CLANG_WARN_INT_CONVERSION = YES;
				CLANG_WARN_NON_LITERAL_NULL_CONVERSION = YES;
				CLANG_WARN_OBJC_IMPLICIT_RETAIN_SELF = YES;
				CLANG_WARN_OBJC_LITERAL_CONVERSION = YES;
				CLANG_WARN_OBJC_ROOT_CLASS = YES_ERROR;
				CLANG_WARN_RANGE_LOOP_ANALYSIS = YES;
				CLANG_WARN_STRICT_PROTOTYPES = YES;
				CLANG_WARN_SUSPICIOUS_MOVE = YES;
				CLANG_WARN_UNGUARDED_AVAILABILITY = YES_AGGRESSIVE;
				CLANG_WARN_UNREACHABLE_CODE = YES;
				CLANG_WARN__DUPLICATE_METHOD_MATCH = YES;
				CODE_SIGN_IDENTITY = "iPhone Developer";
				COPY_PHASE_STRIP = NO;
				DEBUG_INFORMATION_FORMAT = "dwarf-with-dsym";
				ENABLE_NS_ASSERTIONS = NO;
				ENABLE_STRICT_OBJC_MSGSEND = YES;
				GCC_C_LANGUAGE_STANDARD = gnu11;
				GCC_NO_COMMON_BLOCKS = YES;
				GCC_WARN_64_TO_32_BIT_CONVERSION = YES;
				GCC_WARN_ABOUT_RETURN_TYPE = YES_ERROR;
				GCC_WARN_UNDECLARED_SELECTOR = YES;
				GCC_WARN_UNINITIALIZED_AUTOS = YES_AGGRESSIVE;
				GCC_WARN_UNUSED_FUNCTION = YES;
				GCC_WARN_UNUSED_VARIABLE = YES;
				IPHONEOS_DEPLOYMENT_TARGET = 12.1;
				MTL_ENABLE_DEBUG_INFO = NO;
				MTL_FAST_MATH = YES;
				SDKROOT = iphoneos;
				SWIFT_COMPILATION_MODE = wholemodule;
				SWIFT_OPTIMIZATION_LEVEL = "-O";
				VALIDATE_PRODUCT = YES;
			};
			name = Release;
		};
		7615DBF4221C2D640037BCC9 /* Debug */ = {
			isa = XCBuildConfiguration;
			buildSettings = {
				ASSETCATALOG_COMPILER_APPICON_NAME = AppIcon;
				CODE_SIGN_STYLE = Automatic;
				DEVELOPMENT_TEAM = 55UNRMT6U5;
				INFOPLIST_FILE = TicTacToe/Info.plist;
				LD_RUNPATH_SEARCH_PATHS = (
					"$(inherited)",
					"@executable_path/Frameworks",
				);
				PRODUCT_BUNDLE_IDENTIFIER = com.Gladston.TicTacToe;
				PRODUCT_NAME = "$(TARGET_NAME)";
				SWIFT_VERSION = 4.2;
				TARGETED_DEVICE_FAMILY = "1,2";
			};
			name = Debug;
		};
		7615DBF5221C2D640037BCC9 /* Release */ = {
			isa = XCBuildConfiguration;
			buildSettings = {
				ASSETCATALOG_COMPILER_APPICON_NAME = AppIcon;
				CODE_SIGN_STYLE = Automatic;
				DEVELOPMENT_TEAM = 55UNRMT6U5;
				INFOPLIST_FILE = TicTacToe/Info.plist;
				LD_RUNPATH_SEARCH_PATHS = (
					"$(inherited)",
					"@executable_path/Frameworks",
				);
				PRODUCT_BUNDLE_IDENTIFIER = com.Gladston.TicTacToe;
				PRODUCT_NAME = "$(TARGET_NAME)";
				SWIFT_VERSION = 4.2;
				TARGETED_DEVICE_FAMILY = "1,2";
			};
			name = Release;
		};
		7615DBF7221C2D640037BCC9 /* Debug */ = {
			isa = XCBuildConfiguration;
			buildSettings = {
				ALWAYS_EMBED_SWIFT_STANDARD_LIBRARIES = YES;
				BUNDLE_LOADER = "$(TEST_HOST)";
				CODE_SIGN_STYLE = Automatic;
				DEVELOPMENT_TEAM = 55UNRMT6U5;
				INFOPLIST_FILE = TicTacToeTests/Info.plist;
				LD_RUNPATH_SEARCH_PATHS = (
					"$(inherited)",
					"@executable_path/Frameworks",
					"@loader_path/Frameworks",
				);
				PRODUCT_BUNDLE_IDENTIFIER = com.Gladston.TicTacToeTests;
				PRODUCT_NAME = "$(TARGET_NAME)";
				SWIFT_VERSION = 4.2;
				TARGETED_DEVICE_FAMILY = "1,2";
				TEST_HOST = "$(BUILT_PRODUCTS_DIR)/TicTacToe.app/TicTacToe";
			};
			name = Debug;
		};
		7615DBF8221C2D640037BCC9 /* Release */ = {
			isa = XCBuildConfiguration;
			buildSettings = {
				ALWAYS_EMBED_SWIFT_STANDARD_LIBRARIES = YES;
				BUNDLE_LOADER = "$(TEST_HOST)";
				CODE_SIGN_STYLE = Automatic;
				DEVELOPMENT_TEAM = 55UNRMT6U5;
				INFOPLIST_FILE = TicTacToeTests/Info.plist;
				LD_RUNPATH_SEARCH_PATHS = (
					"$(inherited)",
					"@executable_path/Frameworks",
					"@loader_path/Frameworks",
				);
				PRODUCT_BUNDLE_IDENTIFIER = com.Gladston.TicTacToeTests;
				PRODUCT_NAME = "$(TARGET_NAME)";
				SWIFT_VERSION = 4.2;
				TARGETED_DEVICE_FAMILY = "1,2";
				TEST_HOST = "$(BUILT_PRODUCTS_DIR)/TicTacToe.app/TicTacToe";
			};
			name = Release;
		};
		7615DBFA221C2D640037BCC9 /* Debug */ = {
			isa = XCBuildConfiguration;
			buildSettings = {
				ALWAYS_EMBED_SWIFT_STANDARD_LIBRARIES = YES;
				CODE_SIGN_STYLE = Automatic;
				DEVELOPMENT_TEAM = 55UNRMT6U5;
				INFOPLIST_FILE = TicTacToeUITests/Info.plist;
				LD_RUNPATH_SEARCH_PATHS = (
					"$(inherited)",
					"@executable_path/Frameworks",
					"@loader_path/Frameworks",
				);
				PRODUCT_BUNDLE_IDENTIFIER = com.Gladston.TicTacToeUITests;
				PRODUCT_NAME = "$(TARGET_NAME)";
				SWIFT_VERSION = 4.2;
				TARGETED_DEVICE_FAMILY = "1,2";
				TEST_TARGET_NAME = TicTacToe;
			};
			name = Debug;
		};
		7615DBFB221C2D640037BCC9 /* Release */ = {
			isa = XCBuildConfiguration;
			buildSettings = {
				ALWAYS_EMBED_SWIFT_STANDARD_LIBRARIES = YES;
				CODE_SIGN_STYLE = Automatic;
				DEVELOPMENT_TEAM = 55UNRMT6U5;
				INFOPLIST_FILE = TicTacToeUITests/Info.plist;
				LD_RUNPATH_SEARCH_PATHS = (
					"$(inherited)",
					"@executable_path/Frameworks",
					"@loader_path/Frameworks",
				);
				PRODUCT_BUNDLE_IDENTIFIER = com.Gladston.TicTacToeUITests;
				PRODUCT_NAME = "$(TARGET_NAME)";
				SWIFT_VERSION = 4.2;
				TARGETED_DEVICE_FAMILY = "1,2";
				TEST_TARGET_NAME = TicTacToe;
			};
			name = Release;
		};
/* End XCBuildConfiguration section */

/* Begin XCConfigurationList section */
		7615DBC6221C2D630037BCC9 /* Build configuration list for PBXProject "TicTacToe" */ = {
			isa = XCConfigurationList;
			buildConfigurations = (
				7615DBF1221C2D640037BCC9 /* Debug */,
				7615DBF2221C2D640037BCC9 /* Release */,
			);
			defaultConfigurationIsVisible = 0;
			defaultConfigurationName = Release;
		};
		7615DBF3221C2D640037BCC9 /* Build configuration list for PBXNativeTarget "TicTacToe" */ = {
			isa = XCConfigurationList;
			buildConfigurations = (
				7615DBF4221C2D640037BCC9 /* Debug */,
				7615DBF5221C2D640037BCC9 /* Release */,
			);
			defaultConfigurationIsVisible = 0;
			defaultConfigurationName = Release;
		};
		7615DBF6221C2D640037BCC9 /* Build configuration list for PBXNativeTarget "TicTacToeTests" */ = {
			isa = XCConfigurationList;
			buildConfigurations = (
				7615DBF7221C2D640037BCC9 /* Debug */,
				7615DBF8221C2D640037BCC9 /* Release */,
			);
			defaultConfigurationIsVisible = 0;
			defaultConfigurationName = Release;
		};
		7615DBF9221C2D640037BCC9 /* Build configuration list for PBXNativeTarget "TicTacToeUITests" */ = {
			isa = XCConfigurationList;
			buildConfigurations = (
				7615DBFA221C2D640037BCC9 /* Debug */,
				7615DBFB221C2D640037BCC9 /* Release */,
			);
			defaultConfigurationIsVisible = 0;
			defaultConfigurationName = Release;
		};
/* End XCConfigurationList section */
	};
	rootObject = 7615DBC3221C2D630037BCC9 /* Project object */;
}
